
Microsoft Visual Studio Solution File, Format Version 12.00
# Visual Studio 15
VisualStudioVersion = 15.0.26430.14
MinimumVisualStudioVersion = 10.0.40219.1
Project("{E24C65DC-7377-472B-9ABA-BC803B73C61A}") = "Cesium3js", ".", "{5A9EB3D0-A1C8-4D11-9ADA-D10A0D8FA8C2}"
	ProjectSection(WebsiteProperties) = preProject
		TargetFrameworkMoniker = ".NETFramework,Version%3Dv4.0"
		Debug.AspNetCompiler.VirtualPath = "/localhost_40693"
		Debug.AspNetCompiler.PhysicalPath = "F:\项目\Cesium3js\"
		Debug.AspNetCompiler.TargetPath = "PrecompiledWeb\localhost_40693\"
		Debug.AspNetCompiler.Updateable = "true"
		Debug.AspNetCompiler.ForceOverwrite = "true"
		Debug.AspNetCompiler.FixedNames = "false"
		Debug.AspNetCompiler.Debug = "True"
		Release.AspNetCompiler.VirtualPath = "/localhost_40693"
		Release.AspNetCompiler.PhysicalPath = "F:\项目\Cesium3js\"
		Release.AspNetCompiler.TargetPath = "PrecompiledWeb\localhost_40693\"
		Release.AspNetCompiler.Updateable = "true"
		Release.AspNetCompiler.ForceOverwrite = "true"
		Release.AspNetCompiler.FixedNames = "false"
		Release.AspNetCompiler.Debug = "False"
		VWDPort = "40693"
	EndProjectSection
EndProject
Global
	GlobalSection(SolutionConfigurationPlatforms) = preSolution
		Debug|Any CPU = Debug|Any CPU
	EndGlobalSection
	GlobalSection(ProjectConfigurationPlatforms) = postSolution
		{5A9EB3D0-A1C8-4D11-9ADA-D10A0D8FA8C2}.Debug|Any CPU.ActiveCfg = Debug|Any CPU
		{5A9EB3D0-A1C8-4D11-9ADA-D10A0D8FA8C2}.Debug|Any CPU.Build.0 = Debug|Any CPU
	EndGlobalSection
	GlobalSection(SolutionProperties) = preSolution
		HideSolutionNode = FALSE
	EndGlobalSection
EndGlobal
